
Microsoft Visual Studio Solution File, Format Version 12.00
# Visual Studio Version 16
VisualStudioVersion = 16.0.31911.196
MinimumVisualStudioVersion = 10.0.40219.1
Project("{9A19103F-16F7-4668-BE54-9A1E7A4F7556}") = "API", "API\API.csproj", "{B02C1BE5-8771-4848-8852-8AE1A4448BBE}"
EndProject
Project("{9A19103F-16F7-4668-BE54-9A1E7A4F7556}") = "BAL", "BAL\BAL.csproj", "{B4E61D09-C624-4671-BBFC-608893047DE1}"
EndProject
Project("{9A19103F-16F7-4668-BE54-9A1E7A4F7556}") = "DAL", "DAL\DAL.csproj", "{8E46B4F9-0F3C-46A5-AC23-26E63DE8A1BA}"
EndProject
Project("{9A19103F-16F7-4668-BE54-9A1E7A4F7556}") = "Entity", "Entity\Entity.csproj", "{E4B561C0-1AFC-4B88-A97E-5938F02F0849}"
EndProject
Project("{9A19103F-16F7-4668-BE54-9A1E7A4F7556}") = "UI_Layer", "UI_Layer\UI_Layer.csproj", "{1A1E1F73-B415-49A4-9F27-5A2DA6A52A23}"
EndProject
Global
	GlobalSection(SolutionConfigurationPlatforms) = preSolution
		Debug|Any CPU = Debug|Any CPU
		Release|Any CPU = Release|Any CPU
	EndGlobalSection
	GlobalSection(ProjectConfigurationPlatforms) = postSolution
		{B02C1BE5-8771-4848-8852-8AE1A4448BBE}.Debug|Any CPU.ActiveCfg = Debug|Any CPU
		{B02C1BE5-8771-4848-8852-8AE1A4448BBE}.Debug|Any CPU.Build.0 = Debug|Any CPU
		{B02C1BE5-8771-4848-8852-8AE1A4448BBE}.Release|Any CPU.ActiveCfg = Release|Any CPU
		{B02C1BE5-8771-4848-8852-8AE1A4448BBE}.Release|Any CPU.Build.0 = Release|Any CPU
		{B4E61D09-C624-4671-BBFC-608893047DE1}.Debug|Any CPU.ActiveCfg = Debug|Any CPU
		{B4E61D09-C624-4671-BBFC-608893047DE1}.Debug|Any CPU.Build.0 = Debug|Any CPU
		{B4E61D09-C624-4671-BBFC-608893047DE1}.Release|Any CPU.ActiveCfg = Release|Any CPU
		{B4E61D09-C624-4671-BBFC-608893047DE1}.Release|Any CPU.Build.0 = Release|Any CPU
		{8E46B4F9-0F3C-46A5-AC23-26E63DE8A1BA}.Debug|Any CPU.ActiveCfg = Debug|Any CPU
		{8E46B4F9-0F3C-46A5-AC23-26E63DE8A1BA}.Debug|Any CPU.Build.0 = Debug|Any CPU
		{8E46B4F9-0F3C-46A5-AC23-26E63DE8A1BA}.Release|Any CPU.ActiveCfg = Release|Any CPU
		{8E46B4F9-0F3C-46A5-AC23-26E63DE8A1BA}.Release|Any CPU.Build.0 = Release|Any CPU
		{E4B561C0-1AFC-4B88-A97E-5938F02F0849}.Debug|Any CPU.ActiveCfg = Debug|Any CPU
		{E4B561C0-1AFC-4B88-A97E-5938F02F0849}.Debug|Any CPU.Build.0 = Debug|Any CPU
		{E4B561C0-1AFC-4B88-A97E-5938F02F0849}.Release|Any CPU.ActiveCfg = Release|Any CPU
		{E4B561C0-1AFC-4B88-A97E-5938F02F0849}.Release|Any CPU.Build.0 = Release|Any CPU
		{1A1E1F73-B415-49A4-9F27-5A2DA6A52A23}.Debug|Any CPU.ActiveCfg = Debug|Any CPU
		{1A1E1F73-B415-49A4-9F27-5A2DA6A52A23}.Debug|Any CPU.Build.0 = Debug|Any CPU
		{1A1E1F73-B415-49A4-9F27-5A2DA6A52A23}.Release|Any CPU.ActiveCfg = Release|Any CPU
		{1A1E1F73-B415-49A4-9F27-5A2DA6A52A23}.Release|Any CPU.Build.0 = Release|Any CPU
	EndGlobalSection
	GlobalSection(SolutionProperties) = preSolution
		HideSolutionNode = FALSE
	EndGlobalSection
	GlobalSection(ExtensibilityGlobals) = postSolution
		SolutionGuid = {F6BE79CB-E7EC-4186-A959-BB85E5B0F518}
	EndGlobalSection
EndGlobal
